
Microsoft Visual Studio Solution File, Format Version 12.00
# Visual Studio 2012
Project("{FAE04EC0-301F-11D3-BF4B-00C04F79EFBC}") = "ProceduralFairings", "ProceduralFairings\ProceduralFairings.csproj", "{51CE67F2-5981-4AD2-97E8-0E2B44792AB2}"
EndProject
Global
	GlobalSection(SolutionConfigurationPlatforms) = preSolution
		Debug|Any CPU = Debug|Any CPU
		Release|Any CPU = Release|Any CPU
	EndGlobalSection
	GlobalSection(ProjectConfigurationPlatforms) = postSolution
		{51CE67F2-5981-4AD2-97E8-0E2B44792AB2}.Debug|Any CPU.ActiveCfg = Debug|Any CPU
		{51CE67F2-5981-4AD2-97E8-0E2B44792AB2}.Debug|Any CPU.Build.0 = Debug|Any CPU
		{51CE67F2-5981-4AD2-97E8-0E2B44792AB2}.Release|Any CPU.ActiveCfg = Release|Any CPU
		{51CE67F2-5981-4AD2-97E8-0E2B44792AB2}.Release|Any CPU.Build.0 = Release|Any CPU
	EndGlobalSection
	GlobalSection(MonoDevelopProperties) = preSolution
		BaseDirectory = ..
		outputpath = References
		Policies = $0
		$0.DotNetNamingPolicy = $1
		$1.DirectoryNamespaceAssociation = None
		$1.ResourceNamePolicy = FileFormatDefault
	EndGlobalSection
EndGlobal
